
Microsoft Visual Studio Solution File, Format Version 12.00
# Visual Studio Version 16
VisualStudioVersion = 16.0.31729.503
MinimumVisualStudioVersion = 10.0.40219.1
Project("{FAE04EC0-301F-11D3-BF4B-00C04F79EFBC}") = "odevveritabani", "odevveritabani\odevveritabani.csproj", "{EDFB64C4-A522-4831-8565-404646E6533E}"
EndProject
Global
	GlobalSection(SolutionConfigurationPlatforms) = preSolution
		Debug|Any CPU = Debug|Any CPU
		Release|Any CPU = Release|Any CPU
	EndGlobalSection
	GlobalSection(ProjectConfigurationPlatforms) = postSolution
		{EDFB64C4-A522-4831-8565-404646E6533E}.Debug|Any CPU.ActiveCfg = Debug|Any CPU
		{EDFB64C4-A522-4831-8565-404646E6533E}.Debug|Any CPU.Build.0 = Debug|Any CPU
		{EDFB64C4-A522-4831-8565-404646E6533E}.Release|Any CPU.ActiveCfg = Release|Any CPU
		{EDFB64C4-A522-4831-8565-404646E6533E}.Release|Any CPU.Build.0 = Release|Any CPU
	EndGlobalSection
	GlobalSection(SolutionProperties) = preSolution
		HideSolutionNode = FALSE
	EndGlobalSection
	GlobalSection(ExtensibilityGlobals) = postSolution
		SolutionGuid = {63281B8E-33B8-494A-9DED-2496AF50933F}
	EndGlobalSection
EndGlobal
